
Microsoft Visual Studio Solution File, Format Version 12.00
Project("{FAE04EC0-301F-11D3-BF4B-00C04F79EFBC}") = "StateMonad", "StateMonad\StateMonad.csproj", "{1FF5B62D-5559-4CD2-A27F-9726B2051FC8}"
EndProject
Project("{FAE04EC0-301F-11D3-BF4B-00C04F79EFBC}") = "StateMonad.Tests", "StateMonad.Tests\StateMonad.Tests.csproj", "{13F10D80-AFE0-49A3-9DE4-D4B2B304538A}"
EndProject
Global
	GlobalSection(SolutionConfigurationPlatforms) = preSolution
		Debug|Any CPU = Debug|Any CPU
		Debug|x64 = Debug|x64
		Debug|x86 = Debug|x86
		Release|Any CPU = Release|Any CPU
		Release|x64 = Release|x64
		Release|x86 = Release|x86
	EndGlobalSection
	GlobalSection(ProjectConfigurationPlatforms) = postSolution
		{1FF5B62D-5559-4CD2-A27F-9726B2051FC8}.Debug|Any CPU.ActiveCfg = Debug|Any CPU
		{1FF5B62D-5559-4CD2-A27F-9726B2051FC8}.Debug|Any CPU.Build.0 = Debug|Any CPU
		{1FF5B62D-5559-4CD2-A27F-9726B2051FC8}.Debug|x64.ActiveCfg = Debug|Any CPU
		{1FF5B62D-5559-4CD2-A27F-9726B2051FC8}.Debug|x64.Build.0 = Debug|Any CPU
		{1FF5B62D-5559-4CD2-A27F-9726B2051FC8}.Debug|x86.ActiveCfg = Debug|Any CPU
		{1FF5B62D-5559-4CD2-A27F-9726B2051FC8}.Debug|x86.Build.0 = Debug|Any CPU
		{1FF5B62D-5559-4CD2-A27F-9726B2051FC8}.Release|Any CPU.ActiveCfg = Release|Any CPU
		{1FF5B62D-5559-4CD2-A27F-9726B2051FC8}.Release|Any CPU.Build.0 = Release|Any CPU
		{1FF5B62D-5559-4CD2-A27F-9726B2051FC8}.Release|x64.ActiveCfg = Release|Any CPU
		{1FF5B62D-5559-4CD2-A27F-9726B2051FC8}.Release|x64.Build.0 = Release|Any CPU
		{1FF5B62D-5559-4CD2-A27F-9726B2051FC8}.Release|x86.ActiveCfg = Release|Any CPU
		{1FF5B62D-5559-4CD2-A27F-9726B2051FC8}.Release|x86.Build.0 = Release|Any CPU
		{13F10D80-AFE0-49A3-9DE4-D4B2B304538A}.Debug|Any CPU.ActiveCfg = Debug|Any CPU
		{13F10D80-AFE0-49A3-9DE4-D4B2B304538A}.Debug|Any CPU.Build.0 = Debug|Any CPU
		{13F10D80-AFE0-49A3-9DE4-D4B2B304538A}.Debug|x64.ActiveCfg = Debug|Any CPU
		{13F10D80-AFE0-49A3-9DE4-D4B2B304538A}.Debug|x64.Build.0 = Debug|Any CPU
		{13F10D80-AFE0-49A3-9DE4-D4B2B304538A}.Debug|x86.ActiveCfg = Debug|Any CPU
		{13F10D80-AFE0-49A3-9DE4-D4B2B304538A}.Debug|x86.Build.0 = Debug|Any CPU
		{13F10D80-AFE0-49A3-9DE4-D4B2B304538A}.Release|Any CPU.ActiveCfg = Release|Any CPU
		{13F10D80-AFE0-49A3-9DE4-D4B2B304538A}.Release|Any CPU.Build.0 = Release|Any CPU
		{13F10D80-AFE0-49A3-9DE4-D4B2B304538A}.Release|x64.ActiveCfg = Release|Any CPU
		{13F10D80-AFE0-49A3-9DE4-D4B2B304538A}.Release|x64.Build.0 = Release|Any CPU
		{13F10D80-AFE0-49A3-9DE4-D4B2B304538A}.Release|x86.ActiveCfg = Release|Any CPU
		{13F10D80-AFE0-49A3-9DE4-D4B2B304538A}.Release|x86.Build.0 = Release|Any CPU
	EndGlobalSection
	GlobalSection(SolutionProperties) = preSolution
		HideSolutionNode = FALSE
	EndGlobalSection
EndGlobal
